# This file is automatically @generated by Poetry 2.3.2 and should not be changed by hand.

[[package]]
name = "absl-py"
version = "2.4.0"
description = "Abseil Python Common Libraries, see https://github.com/abseil/abseil-py."
optional = false
python-versions = ">=3.10"
groups = ["main"]
files = [
    {file = "absl_py-2.4.0-py3-none-any.whl", hash = "sha256:88476fd881ca8aab94ffa78b7b6c632a782ab3ba1cd19c9bd423abc4fb4cd28d"},
    {file = "absl_py-2.4.0.tar.gz", hash = "sha256:8c6af82722b35cf71e0f4d1d47dcaebfff286e27110a99fc359349b247dfb5d4"},
]

[metadata]
lock-version = "2.1"
python-versions = ">=3.13"
content-hash = "a66608d59df81afed766d01b4e0af7a48c4c61b6176fac48f2754926309adb8c"
