# This file is automatically @generated by Poetry 2.2.1 and should not be changed by hand.

[[package]]
name = "absl-py"
version = "2.1.0"
description = "Abseil Python Common Libraries, see https://github.com/abseil/abseil-py."
optional = false
python-versions = ">=3.7"
groups = ["main"]
files = [
    {file = "absl-py-2.1.0.tar.gz", hash = "sha256:7820790efbb316739cde8b4e19357243fc3608a152024288513dd968d7d959ff"},
    {file = "absl_py-2.1.0-py3-none-any.whl", hash = "sha256:526a04eadab8b4ee719ce68f204172ead1027549089702d99b9059f129ff1308"},
]

[metadata]
lock-version = "2.1"
python-versions = ">=3.13"
content-hash = "a66608d59df81afed766d01b4e0af7a48c4c61b6176fac48f2754926309adb8c"
